
Microsoft Visual Studio Solution File, Format Version 12.00
# Visual Studio Version 16
VisualStudioVersion = 16.0.29709.97
MinimumVisualStudioVersion = 10.0.40219.1
Project("{FAE04EC0-301F-11D3-BF4B-00C04F79EFBC}") = "DynamicArray", "DynamicArray.csproj", "{8810B9EC-E049-4201-8CA0-3C2FE51C1933}"
EndProject
Project("{FAE04EC0-301F-11D3-BF4B-00C04F79EFBC}") = "DynamicArray.Test", "..\DynamicArray.Test\DynamicArray.Test.csproj", "{008371F8-0C0B-4246-888A-E69B80336968}"
EndProject
Global
	GlobalSection(SolutionConfigurationPlatforms) = preSolution
		Debug|Any CPU = Debug|Any CPU
		Release|Any CPU = Release|Any CPU
	EndGlobalSection
	GlobalSection(ProjectConfigurationPlatforms) = postSolution
		{8810B9EC-E049-4201-8CA0-3C2FE51C1933}.Debug|Any CPU.ActiveCfg = Debug|Any CPU
		{8810B9EC-E049-4201-8CA0-3C2FE51C1933}.Debug|Any CPU.Build.0 = Debug|Any CPU
		{8810B9EC-E049-4201-8CA0-3C2FE51C1933}.Release|Any CPU.ActiveCfg = Release|Any CPU
		{8810B9EC-E049-4201-8CA0-3C2FE51C1933}.Release|Any CPU.Build.0 = Release|Any CPU
		{008371F8-0C0B-4246-888A-E69B80336968}.Debug|Any CPU.ActiveCfg = Debug|Any CPU
		{008371F8-0C0B-4246-888A-E69B80336968}.Debug|Any CPU.Build.0 = Debug|Any CPU
		{008371F8-0C0B-4246-888A-E69B80336968}.Release|Any CPU.ActiveCfg = Release|Any CPU
		{008371F8-0C0B-4246-888A-E69B80336968}.Release|Any CPU.Build.0 = Release|Any CPU
	EndGlobalSection
	GlobalSection(SolutionProperties) = preSolution
		HideSolutionNode = FALSE
	EndGlobalSection
	GlobalSection(ExtensibilityGlobals) = postSolution
		SolutionGuid = {9931E14A-998B-45B9-932A-48F09DBA11CF}
	EndGlobalSection
EndGlobal
