
Microsoft Visual Studio Solution File, Format Version 12.00
# Visual Studio Version 16
VisualStudioVersion = 16.0.29709.97
MinimumVisualStudioVersion = 10.0.40219.1
Project("{FAE04EC0-301F-11D3-BF4B-00C04F79EFBC}") = "LinkedList", "LinkedList.csproj", "{42593DC3-BA48-48D0-832A-A41FE1769478}"
EndProject
Project("{FAE04EC0-301F-11D3-BF4B-00C04F79EFBC}") = "LinkedList.Tests", "..\LinkedList.Tests\LinkedList.Tests.csproj", "{BDFD34A6-04C9-43D3-B82E-6FBA1419AF66}"
EndProject
Global
	GlobalSection(SolutionConfigurationPlatforms) = preSolution
		Debug|Any CPU = Debug|Any CPU
		Release|Any CPU = Release|Any CPU
	EndGlobalSection
	GlobalSection(ProjectConfigurationPlatforms) = postSolution
		{42593DC3-BA48-48D0-832A-A41FE1769478}.Debug|Any CPU.ActiveCfg = Debug|Any CPU
		{42593DC3-BA48-48D0-832A-A41FE1769478}.Debug|Any CPU.Build.0 = Debug|Any CPU
		{42593DC3-BA48-48D0-832A-A41FE1769478}.Release|Any CPU.ActiveCfg = Release|Any CPU
		{42593DC3-BA48-48D0-832A-A41FE1769478}.Release|Any CPU.Build.0 = Release|Any CPU
		{BDFD34A6-04C9-43D3-B82E-6FBA1419AF66}.Debug|Any CPU.ActiveCfg = Debug|Any CPU
		{BDFD34A6-04C9-43D3-B82E-6FBA1419AF66}.Debug|Any CPU.Build.0 = Debug|Any CPU
		{BDFD34A6-04C9-43D3-B82E-6FBA1419AF66}.Release|Any CPU.ActiveCfg = Release|Any CPU
		{BDFD34A6-04C9-43D3-B82E-6FBA1419AF66}.Release|Any CPU.Build.0 = Release|Any CPU
	EndGlobalSection
	GlobalSection(SolutionProperties) = preSolution
		HideSolutionNode = FALSE
	EndGlobalSection
	GlobalSection(ExtensibilityGlobals) = postSolution
		SolutionGuid = {F76F1107-3C4F-459B-A281-2F08EFB08B2E}
	EndGlobalSection
EndGlobal
